
Microsoft Visual Studio Solution File, Format Version 12.00
# Visual Studio Version 16
VisualStudioVersion = 16.0.30907.101
MinimumVisualStudioVersion = 10.0.40219.1
Project("{9A19103F-16F7-4668-BE54-9A1E7A4F7556}") = "StudentManagement", "StudentManagement\StudentManagement.csproj", "{11C6E2E1-1DDE-4215-AAE2-7746E976BF51}"
EndProject
Project("{FAE04EC0-301F-11D3-BF4B-00C04F79EFBC}") = "StudentManagementDataAccess", "StudentManagementDataAccess\StudentManagementDataAccess.csproj", "{1D2AE6EE-6457-46A7-9D42-DCFB3E7C2A17}"
EndProject
Global
	GlobalSection(SolutionConfigurationPlatforms) = preSolution
		Debug|Any CPU = Debug|Any CPU
		Release|Any CPU = Release|Any CPU
	EndGlobalSection
	GlobalSection(ProjectConfigurationPlatforms) = postSolution
		{11C6E2E1-1DDE-4215-AAE2-7746E976BF51}.Debug|Any CPU.ActiveCfg = Debug|Any CPU
		{11C6E2E1-1DDE-4215-AAE2-7746E976BF51}.Debug|Any CPU.Build.0 = Debug|Any CPU
		{11C6E2E1-1DDE-4215-AAE2-7746E976BF51}.Release|Any CPU.ActiveCfg = Release|Any CPU
		{11C6E2E1-1DDE-4215-AAE2-7746E976BF51}.Release|Any CPU.Build.0 = Release|Any CPU
		{1D2AE6EE-6457-46A7-9D42-DCFB3E7C2A17}.Debug|Any CPU.ActiveCfg = Debug|Any CPU
		{1D2AE6EE-6457-46A7-9D42-DCFB3E7C2A17}.Debug|Any CPU.Build.0 = Debug|Any CPU
		{1D2AE6EE-6457-46A7-9D42-DCFB3E7C2A17}.Release|Any CPU.ActiveCfg = Release|Any CPU
		{1D2AE6EE-6457-46A7-9D42-DCFB3E7C2A17}.Release|Any CPU.Build.0 = Release|Any CPU
	EndGlobalSection
	GlobalSection(SolutionProperties) = preSolution
		HideSolutionNode = FALSE
	EndGlobalSection
	GlobalSection(ExtensibilityGlobals) = postSolution
		SolutionGuid = {8C11BFD5-2D57-412C-9CCB-DF6BD75C1FC6}
	EndGlobalSection
EndGlobal
